
Microsoft Visual Studio Solution File, Format Version 12.00
# Visual Studio Version 17
VisualStudioVersion = 17.9.34728.123
MinimumVisualStudioVersion = 10.0.40219.1
Project("{FAE04EC0-301F-11D3-BF4B-00C04F79EFBC}") = "web-lab-06", "web-lab-06\web-lab-06.csproj", "{4C45EEBD-362A-4604-81E4-6317CFFEC8D6}"
EndProject
Global
	GlobalSection(SolutionConfigurationPlatforms) = preSolution
		Debug|Any CPU = Debug|Any CPU
		Release|Any CPU = Release|Any CPU
	EndGlobalSection
	GlobalSection(ProjectConfigurationPlatforms) = postSolution
		{4C45EEBD-362A-4604-81E4-6317CFFEC8D6}.Debug|Any CPU.ActiveCfg = Debug|Any CPU
		{4C45EEBD-362A-4604-81E4-6317CFFEC8D6}.Debug|Any CPU.Build.0 = Debug|Any CPU
		{4C45EEBD-362A-4604-81E4-6317CFFEC8D6}.Release|Any CPU.ActiveCfg = Release|Any CPU
		{4C45EEBD-362A-4604-81E4-6317CFFEC8D6}.Release|Any CPU.Build.0 = Release|Any CPU
	EndGlobalSection
	GlobalSection(SolutionProperties) = preSolution
		HideSolutionNode = FALSE
	EndGlobalSection
	GlobalSection(ExtensibilityGlobals) = postSolution
		SolutionGuid = {998321C5-9D87-447A-8AB1-9EA816FF14B7}
	EndGlobalSection
EndGlobal
