
Microsoft Visual Studio Solution File, Format Version 12.00
# Visual Studio Version 17
VisualStudioVersion = 17.9.34728.123
MinimumVisualStudioVersion = 10.0.40219.1
Project("{8BC9CEB8-8B4A-11D0-8D11-00A0C91BC942}") = "task-1", "task-1\task-1.vcxproj", "{87FBFD46-3214-4893-8BDF-B34532EFDD26}"
EndProject
Global
	GlobalSection(SolutionConfigurationPlatforms) = preSolution
		Debug|x64 = Debug|x64
		Debug|x86 = Debug|x86
		Release|x64 = Release|x64
		Release|x86 = Release|x86
	EndGlobalSection
	GlobalSection(ProjectConfigurationPlatforms) = postSolution
		{87FBFD46-3214-4893-8BDF-B34532EFDD26}.Debug|x64.ActiveCfg = Debug|x64
		{87FBFD46-3214-4893-8BDF-B34532EFDD26}.Debug|x64.Build.0 = Debug|x64
		{87FBFD46-3214-4893-8BDF-B34532EFDD26}.Debug|x86.ActiveCfg = Debug|Win32
		{87FBFD46-3214-4893-8BDF-B34532EFDD26}.Debug|x86.Build.0 = Debug|Win32
		{87FBFD46-3214-4893-8BDF-B34532EFDD26}.Release|x64.ActiveCfg = Release|x64
		{87FBFD46-3214-4893-8BDF-B34532EFDD26}.Release|x64.Build.0 = Release|x64
		{87FBFD46-3214-4893-8BDF-B34532EFDD26}.Release|x86.ActiveCfg = Release|Win32
		{87FBFD46-3214-4893-8BDF-B34532EFDD26}.Release|x86.Build.0 = Release|Win32
	EndGlobalSection
	GlobalSection(SolutionProperties) = preSolution
		HideSolutionNode = FALSE
	EndGlobalSection
	GlobalSection(ExtensibilityGlobals) = postSolution
		SolutionGuid = {8ECE2B7C-2CE5-4E4E-A0EF-5401324C98FA}
	EndGlobalSection
EndGlobal
